
Microsoft Visual Studio Solution File, Format Version 12.00
# Visual Studio Version 16
VisualStudioVersion = 16.0.31729.503
MinimumVisualStudioVersion = 10.0.40219.1
Project("{9A19103F-16F7-4668-BE54-9A1E7A4F7556}") = "ArrayListMain", "ArrayList\ArrayListMain.csproj", "{4B987611-AA87-49F0-83A1-B591BE0F030F}"
EndProject
Project("{9A19103F-16F7-4668-BE54-9A1E7A4F7556}") = "ArrayListLibrary", "ArrayListLibrary1\ArrayListLibrary.csproj", "{FB07A0A8-4438-415D-8F1F-D91022B51E86}"
EndProject
Project("{9A19103F-16F7-4668-BE54-9A1E7A4F7556}") = "ArrayListTest", "ArrayListTest\ArrayListTest.csproj", "{3B9CE96E-24CE-4EE2-9DE9-2CC3FDD10443}"
EndProject
Global
	GlobalSection(SolutionConfigurationPlatforms) = preSolution
		Debug|Any CPU = Debug|Any CPU
		Release|Any CPU = Release|Any CPU
	EndGlobalSection
	GlobalSection(ProjectConfigurationPlatforms) = postSolution
		{4B987611-AA87-49F0-83A1-B591BE0F030F}.Debug|Any CPU.ActiveCfg = Debug|Any CPU
		{4B987611-AA87-49F0-83A1-B591BE0F030F}.Debug|Any CPU.Build.0 = Debug|Any CPU
		{4B987611-AA87-49F0-83A1-B591BE0F030F}.Release|Any CPU.ActiveCfg = Release|Any CPU
		{4B987611-AA87-49F0-83A1-B591BE0F030F}.Release|Any CPU.Build.0 = Release|Any CPU
		{FB07A0A8-4438-415D-8F1F-D91022B51E86}.Debug|Any CPU.ActiveCfg = Debug|Any CPU
		{FB07A0A8-4438-415D-8F1F-D91022B51E86}.Debug|Any CPU.Build.0 = Debug|Any CPU
		{FB07A0A8-4438-415D-8F1F-D91022B51E86}.Release|Any CPU.ActiveCfg = Release|Any CPU
		{FB07A0A8-4438-415D-8F1F-D91022B51E86}.Release|Any CPU.Build.0 = Release|Any CPU
		{3B9CE96E-24CE-4EE2-9DE9-2CC3FDD10443}.Debug|Any CPU.ActiveCfg = Debug|Any CPU
		{3B9CE96E-24CE-4EE2-9DE9-2CC3FDD10443}.Debug|Any CPU.Build.0 = Debug|Any CPU
		{3B9CE96E-24CE-4EE2-9DE9-2CC3FDD10443}.Release|Any CPU.ActiveCfg = Release|Any CPU
		{3B9CE96E-24CE-4EE2-9DE9-2CC3FDD10443}.Release|Any CPU.Build.0 = Release|Any CPU
	EndGlobalSection
	GlobalSection(SolutionProperties) = preSolution
		HideSolutionNode = FALSE
	EndGlobalSection
	GlobalSection(ExtensibilityGlobals) = postSolution
		SolutionGuid = {7CFA4867-74D3-4F96-BC52-7FE327055D30}
	EndGlobalSection
EndGlobal
